// !$*UTF8*$!
{
	archiveVersion = 1;
	classes = {
	};
	objectVersion = 56;
	objects = {

/* Begin PBXBuildFile section */
		5544613B29EB520C0082FB96 /* LoadingView.swift in Sources */ = {isa = PBXBuildFile; fileRef = 5544613A29EB520C0082FB96 /* LoadingView.swift */; };
		55C8579A29E9E50F000D0CFC /* CurrencyRateModel.swift in Sources */ = {isa = PBXBuildFile; fileRef = 55C8579929E9E50F000D0CFC /* CurrencyRateModel.swift */; };
		55C8579C29E9E51E000D0CFC /* CurrencyRateVM.swift in Sources */ = {isa = PBXBuildFile; fileRef = 55C8579B29E9E51E000D0CFC /* CurrencyRateVM.swift */; };
		55CE8BF029E88486003E9274 /* CurrencyConvertApp.swift in Sources */ = {isa = PBXBuildFile; fileRef = 55CE8BEF29E88486003E9274 /* CurrencyConvertApp.swift */; };
		55CE8BF229E88486003E9274 /* ContentView.swift in Sources */ = {isa = PBXBuildFile; fileRef = 55CE8BF129E88486003E9274 /* ContentView.swift */; };
		55CE8BF429E88486003E9274 /* Assets.xcassets in Resources */ = {isa = PBXBuildFile; fileRef = 55CE8BF329E88486003E9274 /* Assets.xcassets */; };
		55CE8BF729E88486003E9274 /* Preview Assets.xcassets in Resources */ = {isa = PBXBuildFile; fileRef = 55CE8BF629E88486003E9274 /* Preview Assets.xcassets */; };
		55CE8BFE29E88F5B003E9274 /* RounderCorner.swift in Sources */ = {isa = PBXBuildFile; fileRef = 55CE8BFD29E88F5B003E9274 /* RounderCorner.swift */; };
		55D9036B29EBBBCA00CDF78D /* SymbolModel.swift in Sources */ = {isa = PBXBuildFile; fileRef = 55D9036A29EBBBCA00CDF78D /* SymbolModel.swift */; };
/* End PBXBuildFile section */

/* Begin PBXFileReference section */
		5544613A29EB520C0082FB96 /* LoadingView.swift */ = {isa = PBXFileReference; lastKnownFileType = sourcecode.swift; path = LoadingView.swift; sourceTree = "<group>"; };
		55C8579929E9E50F000D0CFC /* CurrencyRateModel.swift */ = {isa = PBXFileReference; lastKnownFileType = sourcecode.swift; path = CurrencyRateModel.swift; sourceTree = "<group>"; };
		55C8579B29E9E51E000D0CFC /* CurrencyRateVM.swift */ = {isa = PBXFileReference; lastKnownFileType = sourcecode.swift; path = CurrencyRateVM.swift; sourceTree = "<group>"; };
		55CE8BEC29E88486003E9274 /* CurrencyConvert.app */ = {isa = PBXFileReference; explicitFileType = wrapper.application; includeInIndex = 0; path = CurrencyConvert.app; sourceTree = BUILT_PRODUCTS_DIR; };
		55CE8BEF29E88486003E9274 /* CurrencyConvertApp.swift */ = {isa = PBXFileReference; lastKnownFileType = sourcecode.swift; path = CurrencyConvertApp.swift; sourceTree = "<group>"; };
		55CE8BF129E88486003E9274 /* ContentView.swift */ = {isa = PBXFileReference; lastKnownFileType = sourcecode.swift; path = ContentView.swift; sourceTree = "<group>"; };
		55CE8BF329E88486003E9274 /* Assets.xcassets */ = {isa = PBXFileReference; lastKnownFileType = folder.assetcatalog; path = Assets.xcassets; sourceTree = "<group>"; };
		55CE8BF629E88486003E9274 /* Preview Assets.xcassets */ = {isa = PBXFileReference; lastKnownFileType = folder.assetcatalog; path = "Preview Assets.xcassets"; sourceTree = "<group>"; };
		55CE8BFD29E88F5B003E9274 /* RounderCorner.swift */ = {isa = PBXFileReference; lastKnownFileType = sourcecode.swift; path = RounderCorner.swift; sourceTree = "<group>"; };
		55D9036A29EBBBCA00CDF78D /* SymbolModel.swift */ = {isa = PBXFileReference; lastKnownFileType = sourcecode.swift; path = SymbolModel.swift; sourceTree = "<group>"; };
/* End PBXFileReference section */

/* Begin PBXFrameworksBuildPhase section */
		55CE8BE929E88486003E9274 /* Frameworks */ = {
			isa = PBXFrameworksBuildPhase;
			buildActionMask = 2147483647;
			files = (
			);
			runOnlyForDeploymentPostprocessing = 0;
		};
/* End PBXFrameworksBuildPhase section */

/* Begin PBXGroup section */
		55C8579829E9E4FE000D0CFC /* NetworkCall */ = {
			isa = PBXGroup;
			children = (
				55D9036929EBBBB500CDF78D /* CurrencySymbols */,
				55C8579929E9E50F000D0CFC /* CurrencyRateModel.swift */,
				55C8579B29E9E51E000D0CFC /* CurrencyRateVM.swift */,
			);
			path = NetworkCall;
			sourceTree = "<group>";
		};
		55CE8BE329E88486003E9274 = {
			isa = PBXGroup;
			children = (
				55CE8BEE29E88486003E9274 /* CurrencyConvert */,
				55CE8BED29E88486003E9274 /* Products */,
			);
			sourceTree = "<group>";
		};
		55CE8BED29E88486003E9274 /* Products */ = {
			isa = PBXGroup;
			children = (
				55CE8BEC29E88486003E9274 /* CurrencyConvert.app */,
			);
			name = Products;
			sourceTree = "<group>";
		};
		55CE8BEE29E88486003E9274 /* CurrencyConvert */ = {
			isa = PBXGroup;
			children = (
				55C8579829E9E4FE000D0CFC /* NetworkCall */,
				55CE8BEF29E88486003E9274 /* CurrencyConvertApp.swift */,
				55CE8BF129E88486003E9274 /* ContentView.swift */,
				55CE8BF329E88486003E9274 /* Assets.xcassets */,
				55CE8BFD29E88F5B003E9274 /* RounderCorner.swift */,
				55CE8BF529E88486003E9274 /* Preview Content */,
				5544613A29EB520C0082FB96 /* LoadingView.swift */,
			);
			path = CurrencyConvert;
			sourceTree = "<group>";
		};
		55CE8BF529E88486003E9274 /* Preview Content */ = {
			isa = PBXGroup;
			children = (
				55CE8BF629E88486003E9274 /* Preview Assets.xcassets */,
			);
			path = "Preview Content";
			sourceTree = "<group>";
		};
		55D9036929EBBBB500CDF78D /* CurrencySymbols */ = {
			isa = PBXGroup;
			children = (
				55D9036A29EBBBCA00CDF78D /* SymbolModel.swift */,
			);
			path = CurrencySymbols;
			sourceTree = "<group>";
		};
/* End PBXGroup section */

/* Begin PBXNativeTarget section */
		55CE8BEB29E88486003E9274 /* CurrencyConvert */ = {
			isa = PBXNativeTarget;
			buildConfigurationList = 55CE8BFA29E88486003E9274 /* Build configuration list for PBXNativeTarget "CurrencyConvert" */;
			buildPhases = (
				55CE8BE829E88486003E9274 /* Sources */,
				55CE8BE929E88486003E9274 /* Frameworks */,
				55CE8BEA29E88486003E9274 /* Resources */,
			);
			buildRules = (
			);
			dependencies = (
			);
			name = CurrencyConvert;
			productName = CurrencyConvert;
			productReference = 55CE8BEC29E88486003E9274 /* CurrencyConvert.app */;
			productType = "com.apple.product-type.application";
		};
/* End PBXNativeTarget section */

/* Begin PBXProject section */
		55CE8BE429E88486003E9274 /* Project object */ = {
			isa = PBXProject;
			attributes = {
				BuildIndependentTargetsInParallel = 1;
				LastSwiftUpdateCheck = 1430;
				LastUpgradeCheck = 1430;
				TargetAttributes = {
					55CE8BEB29E88486003E9274 = {
						CreatedOnToolsVersion = 14.3;
					};
				};
			};
			buildConfigurationList = 55CE8BE729E88486003E9274 /* Build configuration list for PBXProject "CurrencyConvert" */;
			compatibilityVersion = "Xcode 14.0";
			developmentRegion = en;
			hasScannedForEncodings = 0;
			knownRegions = (
				en,
				Base,
			);
			mainGroup = 55CE8BE329E88486003E9274;
			productRefGroup = 55CE8BED29E88486003E9274 /* Products */;
			projectDirPath = "";
			projectRoot = "";
			targets = (
				55CE8BEB29E88486003E9274 /* CurrencyConvert */,
			);
		};
/* End PBXProject section */

/* Begin PBXResourcesBuildPhase section */
		55CE8BEA29E88486003E9274 /* Resources */ = {
			isa = PBXResourcesBuildPhase;
			buildActionMask = 2147483647;
			files = (
				55CE8BF729E88486003E9274 /* Preview Assets.xcassets in Resources */,
				55CE8BF429E88486003E9274 /* Assets.xcassets in Resources */,
			);
			runOnlyForDeploymentPostprocessing = 0;
		};
/* End PBXResourcesBuildPhase section */

/* Begin PBXSourcesBuildPhase section */
		55CE8BE829E88486003E9274 /* Sources */ = {
			isa = PBXSourcesBuildPhase;
			buildActionMask = 2147483647;
			files = (
				55CE8BFE29E88F5B003E9274 /* RounderCorner.swift in Sources */,
				55CE8BF229E88486003E9274 /* ContentView.swift in Sources */,
				55C8579C29E9E51E000D0CFC /* CurrencyRateVM.swift in Sources */,
				55C8579A29E9E50F000D0CFC /* CurrencyRateModel.swift in Sources */,
				55CE8BF029E88486003E9274 /* CurrencyConvertApp.swift in Sources */,
				55D9036B29EBBBCA00CDF78D /* SymbolModel.swift in Sources */,
				5544613B29EB520C0082FB96 /* LoadingView.swift in Sources */,
			);
			runOnlyForDeploymentPostprocessing = 0;
		};
/* End PBXSourcesBuildPhase section */

/* Begin XCBuildConfiguration section */
		55CE8BF829E88486003E9274 /* Debug */ = {
			isa = XCBuildConfiguration;
			buildSettings = {
				ALWAYS_SEARCH_USER_PATHS = NO;
				CLANG_ANALYZER_NONNULL = YES;
				CLANG_ANALYZER_NUMBER_OBJECT_CONVERSION = YES_AGGRESSIVE;
				CLANG_CXX_LANGUAGE_STANDARD = "gnu++20";
				CLANG_ENABLE_MODULES = YES;
				CLANG_ENABLE_OBJC_ARC = YES;
				CLANG_ENABLE_OBJC_WEAK = YES;
				CLANG_WARN_BLOCK_CAPTURE_AUTORELEASING = YES;
				CLANG_WARN_BOOL_CONVERSION = YES;
				CLANG_WARN_COMMA = YES;
				CLANG_WARN_CONSTANT_CONVERSION = YES;
				CLANG_WARN_DEPRECATED_OBJC_IMPLEMENTATIONS = YES;
				CLANG_WARN_DIRECT_OBJC_ISA_USAGE = YES_ERROR;
				CLANG_WARN_DOCUMENTATION_COMMENTS = YES;
				CLANG_WARN_EMPTY_BODY = YES;
				CLANG_WARN_ENUM_CONVERSION = YES;
				CLANG_WARN_INFINITE_RECURSION = YES;
				CLANG_WARN_INT_CONVERSION = YES;
				CLANG_WARN_NON_LITERAL_NULL_CONVERSION = YES;
				CLANG_WARN_OBJC_IMPLICIT_RETAIN_SELF = YES;
				CLANG_WARN_OBJC_LITERAL_CONVERSION = YES;
				CLANG_WARN_OBJC_ROOT_CLASS = YES_ERROR;
				CLANG_WARN_QUOTED_INCLUDE_IN_FRAMEWORK_HEADER = YES;
				CLANG_WARN_RANGE_LOOP_ANALYSIS = YES;
				CLANG_WARN_STRICT_PROTOTYPES = YES;
				CLANG_WARN_SUSPICIOUS_MOVE = YES;
				CLANG_WARN_UNGUARDED_AVAILABILITY = YES_AGGRESSIVE;
				CLANG_WARN_UNREACHABLE_CODE = YES;
				CLANG_WARN__DUPLICATE_METHOD_MATCH = YES;
				COPY_PHASE_STRIP = NO;
				DEBUG_INFORMATION_FORMAT = dwarf;
				ENABLE_STRICT_OBJC_MSGSEND = YES;
				ENABLE_TESTABILITY = YES;
				GCC_C_LANGUAGE_STANDARD = gnu11;
				GCC_DYNAMIC_NO_PIC = NO;
				GCC_NO_COMMON_BLOCKS = YES;
				GCC_OPTIMIZATION_LEVEL = 0;
				GCC_PREPROCESSOR_DEFINITIONS = (
					"DEBUG=1",
					"$(inherited)",
				);
				GCC_WARN_64_TO_32_BIT_CONVERSION = YES;
				GCC_WARN_ABOUT_RETURN_TYPE = YES_ERROR;
				GCC_WARN_UNDECLARED_SELECTOR = YES;
				GCC_WARN_UNINITIALIZED_AUTOS = YES_AGGRESSIVE;
				GCC_WARN_UNUSED_FUNCTION = YES;
				GCC_WARN_UNUSED_VARIABLE = YES;
				IPHONEOS_DEPLOYMENT_TARGET = 16.4;
				MTL_ENABLE_DEBUG_INFO = INCLUDE_SOURCE;
				MTL_FAST_MATH = YES;
				ONLY_ACTIVE_ARCH = YES;
				SDKROOT = iphoneos;
				SWIFT_ACTIVE_COMPILATION_CONDITIONS = DEBUG;
				SWIFT_OPTIMIZATION_LEVEL = "-Onone";
			};
			name = Debug;
		};
		55CE8BF929E88486003E9274 /* Release */ = {
			isa = XCBuildConfiguration;
			buildSettings = {
				ALWAYS_SEARCH_USER_PATHS = NO;
				CLANG_ANALYZER_NONNULL = YES;
				CLANG_ANALYZER_NUMBER_OBJECT_CONVERSION = YES_AGGRESSIVE;
				CLANG_CXX_LANGUAGE_STANDARD = "gnu++20";
				CLANG_ENABLE_MODULES = YES;
				CLANG_ENABLE_OBJC_ARC = YES;
				CLANG_ENABLE_OBJC_WEAK = YES;
				CLANG_WARN_BLOCK_CAPTURE_AUTORELEASING = YES;
				CLANG_WARN_BOOL_CONVERSION = YES;
				CLANG_WARN_COMMA = YES;
				CLANG_WARN_CONSTANT_CONVERSION = YES;
				CLANG_WARN_DEPRECATED_OBJC_IMPLEMENTATIONS = YES;
				CLANG_WARN_DIRECT_OBJC_ISA_USAGE = YES_ERROR;
				CLANG_WARN_DOCUMENTATION_COMMENTS = YES;
				CLANG_WARN_EMPTY_BODY = YES;
				CLANG_WARN_ENUM_CONVERSION = YES;
				CLANG_WARN_INFINITE_RECURSION = YES;
				CLANG_WARN_INT_CONVERSION = YES;
				CLANG_WARN_NON_LITERAL_NULL_CONVERSION = YES;
				CLANG_WARN_OBJC_IMPLICIT_RETAIN_SELF = YES;
				CLANG_WARN_OBJC_LITERAL_CONVERSION = YES;
				CLANG_WARN_OBJC_ROOT_CLASS = YES_ERROR;
				CLANG_WARN_QUOTED_INCLUDE_IN_FRAMEWORK_HEADER = YES;
				CLANG_WARN_RANGE_LOOP_ANALYSIS = YES;
				CLANG_WARN_STRICT_PROTOTYPES = YES;
				CLANG_WARN_SUSPICIOUS_MOVE = YES;
				CLANG_WARN_UNGUARDED_AVAILABILITY = YES_AGGRESSIVE;
				CLANG_WARN_UNREACHABLE_CODE = YES;
				CLANG_WARN__DUPLICATE_METHOD_MATCH = YES;
				COPY_PHASE_STRIP = NO;
				DEBUG_INFORMATION_FORMAT = "dwarf-with-dsym";
				ENABLE_NS_ASSERTIONS = NO;
				ENABLE_STRICT_OBJC_MSGSEND = YES;
				GCC_C_LANGUAGE_STANDARD = gnu11;
				GCC_NO_COMMON_BLOCKS = YES;
				GCC_WARN_64_TO_32_BIT_CONVERSION = YES;
				GCC_WARN_ABOUT_RETURN_TYPE = YES_ERROR;
				GCC_WARN_UNDECLARED_SELECTOR = YES;
				GCC_WARN_UNINITIALIZED_AUTOS = YES_AGGRESSIVE;
				GCC_WARN_UNUSED_FUNCTION = YES;
				GCC_WARN_UNUSED_VARIABLE = YES;
				IPHONEOS_DEPLOYMENT_TARGET = 16.4;
				MTL_ENABLE_DEBUG_INFO = NO;
				MTL_FAST_MATH = YES;
				SDKROOT = iphoneos;
				SWIFT_COMPILATION_MODE = wholemodule;
				SWIFT_OPTIMIZATION_LEVEL = "-O";
				VALIDATE_PRODUCT = YES;
			};
			name = Release;
		};
		55CE8BFB29E88486003E9274 /* Debug */ = {
			isa = XCBuildConfiguration;
			buildSettings = {
				ASSETCATALOG_COMPILER_APPICON_NAME = AppIcon;
				ASSETCATALOG_COMPILER_GLOBAL_ACCENT_COLOR_NAME = AccentColor;
				CODE_SIGN_STYLE = Automatic;
				CURRENT_PROJECT_VERSION = 1;
				DEVELOPMENT_ASSET_PATHS = "\"CurrencyConvert/Preview Content\"";
				ENABLE_PREVIEWS = YES;
				GENERATE_INFOPLIST_FILE = YES;
				INFOPLIST_KEY_UIApplicationSceneManifest_Generation = YES;
				INFOPLIST_KEY_UIApplicationSupportsIndirectInputEvents = YES;
				INFOPLIST_KEY_UILaunchScreen_Generation = YES;
				INFOPLIST_KEY_UISupportedInterfaceOrientations_iPad = "UIInterfaceOrientationPortrait UIInterfaceOrientationPortraitUpsideDown UIInterfaceOrientationLandscapeLeft UIInterfaceOrientationLandscapeRight";
				INFOPLIST_KEY_UISupportedInterfaceOrientations_iPhone = "UIInterfaceOrientationPortrait UIInterfaceOrientationLandscapeLeft UIInterfaceOrientationLandscapeRight";
				LD_RUNPATH_SEARCH_PATHS = (
					"$(inherited)",
					"@executable_path/Frameworks",
				);
				MARKETING_VERSION = 1.0;
				PRODUCT_BUNDLE_IDENTIFIER = com.tahatuna.CurrencyConvert;
				PRODUCT_NAME = "$(TARGET_NAME)";
				SWIFT_EMIT_LOC_STRINGS = YES;
				SWIFT_VERSION = 5.0;
				TARGETED_DEVICE_FAMILY = "1,2";
			};
			name = Debug;
		};
		55CE8BFC29E88486003E9274 /* Release */ = {
			isa = XCBuildConfiguration;
			buildSettings = {
				ASSETCATALOG_COMPILER_APPICON_NAME = AppIcon;
				ASSETCATALOG_COMPILER_GLOBAL_ACCENT_COLOR_NAME = AccentColor;
				CODE_SIGN_STYLE = Automatic;
				CURRENT_PROJECT_VERSION = 1;
				DEVELOPMENT_ASSET_PATHS = "\"CurrencyConvert/Preview Content\"";
				ENABLE_PREVIEWS = YES;
				GENERATE_INFOPLIST_FILE = YES;
				INFOPLIST_KEY_UIApplicationSceneManifest_Generation = YES;
				INFOPLIST_KEY_UIApplicationSupportsIndirectInputEvents = YES;
				INFOPLIST_KEY_UILaunchScreen_Generation = YES;
				INFOPLIST_KEY_UISupportedInterfaceOrientations_iPad = "UIInterfaceOrientationPortrait UIInterfaceOrientationPortraitUpsideDown UIInterfaceOrientationLandscapeLeft UIInterfaceOrientationLandscapeRight";
				INFOPLIST_KEY_UISupportedInterfaceOrientations_iPhone = "UIInterfaceOrientationPortrait UIInterfaceOrientationLandscapeLeft UIInterfaceOrientationLandscapeRight";
				LD_RUNPATH_SEARCH_PATHS = (
					"$(inherited)",
					"@executable_path/Frameworks",
				);
				MARKETING_VERSION = 1.0;
				PRODUCT_BUNDLE_IDENTIFIER = com.tahatuna.CurrencyConvert;
				PRODUCT_NAME = "$(TARGET_NAME)";
				SWIFT_EMIT_LOC_STRINGS = YES;
				SWIFT_VERSION = 5.0;
				TARGETED_DEVICE_FAMILY = "1,2";
			};
			name = Release;
		};
/* End XCBuildConfiguration section */

/* Begin XCConfigurationList section */
		55CE8BE729E88486003E9274 /* Build configuration list for PBXProject "CurrencyConvert" */ = {
			isa = XCConfigurationList;
			buildConfigurations = (
				55CE8BF829E88486003E9274 /* Debug */,
				55CE8BF929E88486003E9274 /* Release */,
			);
			defaultConfigurationIsVisible = 0;
			defaultConfigurationName = Release;
		};
		55CE8BFA29E88486003E9274 /* Build configuration list for PBXNativeTarget "CurrencyConvert" */ = {
			isa = XCConfigurationList;
			buildConfigurations = (
				55CE8BFB29E88486003E9274 /* Debug */,
				55CE8BFC29E88486003E9274 /* Release */,
			);
			defaultConfigurationIsVisible = 0;
			defaultConfigurationName = Release;
		};
/* End XCConfigurationList section */
	};
	rootObject = 55CE8BE429E88486003E9274 /* Project object */;
}
